
Microsoft Visual Studio Solution File, Format Version 12.00
# Visual Studio 15
VisualStudioVersion = 15.0.27703.2035
MinimumVisualStudioVersion = 10.0.40219.1
Project("{2150E333-8FDC-42A3-9474-1A3956D46DE8}") = "Doc", "Doc", "{519A60FE-7E25-4111-B647-4C9237E62E40}"
	ProjectSection(SolutionItems) = preProject
		Doc\Description.txt = Doc\Description.txt
	EndProjectSection
EndProject
Project("{2150E333-8FDC-42A3-9474-1A3956D46DE8}") = "Samples", "Samples", "{C7FAC52E-A297-41DF-8F11-4374AF75244F}"
EndProject
Project("{2150E333-8FDC-42A3-9474-1A3956D46DE8}") = "Src", "Src", "{8304C5C4-5718-437F-A27B-C6E1E2ABCAAB}"
EndProject
Project("{2150E333-8FDC-42A3-9474-1A3956D46DE8}") = "EntityFramework.Engine", "EntityFramework.Engine", "{53D3F5A2-0479-465E-9EEE-B22165D394FC}"
EndProject
Project("{FAE04EC0-301F-11D3-BF4B-00C04F79EFBC}") = "EntityFramework.Engine", "Src\EntityFramework.Engine\EntityFramework.Engine\EntityFramework.Engine.csproj", "{E5400C97-7A64-4F8D-9CA7-D5C6A2F388B9}"
EndProject
Project("{2150E333-8FDC-42A3-9474-1A3956D46DE8}") = "Libraries", "Libraries", "{97908C34-F512-4308-83DD-56DEEB7D7E77}"
EndProject
Project("{FAE04EC0-301F-11D3-BF4B-00C04F79EFBC}") = "MSSurfing.Services.Net45", "Samples\Libraries\MSSurfing.Services\MSSurfing.Services.Net45.csproj", "{4D450756-4DFE-4014-A006-48F2F505247C}"
EndProject
Project("{FAE04EC0-301F-11D3-BF4B-00C04F79EFBC}") = "MSSurfing.Data.Net45", "Samples\Libraries\MSSurfing.Data\MSSurfing.Data.Net45.csproj", "{90694D00-5C61-457A-8985-734D75897662}"
EndProject
Project("{2150E333-8FDC-42A3-9474-1A3956D46DE8}") = "Web", "Web", "{F027378A-50C8-4B2D-B197-0D534DC4B7C5}"
EndProject
Project("{2150E333-8FDC-42A3-9474-1A3956D46DE8}") = "XConsoles", "XConsoles", "{4FCAD869-5490-41B2-83B7-CE214F489849}"
EndProject
Project("{FAE04EC0-301F-11D3-BF4B-00C04F79EFBC}") = "MSSurfing.ThriftServer.Net45", "Samples\XConsoles\MSSurfing.ThriftServer.Net45\MSSurfing.ThriftServer.Net45.csproj", "{1D5B5839-061B-46E5-B918-816A2143E54F}"
EndProject
Project("{FAE04EC0-301F-11D3-BF4B-00C04F79EFBC}") = "MSSurfing.WebApi.Net45", "Samples\Web\MSSurfing.WebApi.Net45\MSSurfing.WebApi.Net45.csproj", "{54D817B2-C9CE-4205-96B7-5D6F3265F690}"
EndProject
Project("{2150E333-8FDC-42A3-9474-1A3956D46DE8}") = "Microsoft.EntityFrameworkCore.Engine", "Microsoft.EntityFrameworkCore.Engine", "{63385F34-F7C2-4EE3-B75F-51433EB2F953}"
EndProject
Project("{9A19103F-16F7-4668-BE54-9A1E7A4F7556}") = "Microsoft.EntityFrameworkCore.Engine", "Src\Microsoft.EntityFrameworkCore.Engine\Microsoft.EntityFrameworkCore.Engine.csproj", "{60E88F47-359F-4515-B0B5-F28973443A7F}"
EndProject
Project("{FAE04EC0-301F-11D3-BF4B-00C04F79EFBC}") = "Z.EfCore.NormalSamples", "Samples\XConsoles\Z.EfCore.NormalSamples\Z.EfCore.NormalSamples.csproj", "{EEBA28DA-547A-457B-B584-A10C46ED938A}"
EndProject
Project("{FAE04EC0-301F-11D3-BF4B-00C04F79EFBC}") = "MSSurfing.ThriftServer.NetCore", "Samples\XConsoles\MSSurfing.ThriftServer.NetCore\MSSurfing.ThriftServer.NetCore.csproj", "{28FF11D8-F8BB-4AE9-9E23-3D3B6F5A9242}"
EndProject
Project("{FAE04EC0-301F-11D3-BF4B-00C04F79EFBC}") = "MSSurfing.Data.NetCore", "Samples\Libraries\MSSurfing.Data.NetCore\MSSurfing.Data.NetCore.csproj", "{EEB41FDA-B7FB-4D22-AA62-167D5143E2FD}"
EndProject
Project("{FAE04EC0-301F-11D3-BF4B-00C04F79EFBC}") = "MSSurfing.Services.NetCore", "Samples\Libraries\MSSurfing.Services.NetCore\MSSurfing.Services.NetCore.csproj", "{E86CD760-7E8F-4055-8A58-3417556AA117}"
EndProject
Project("{FAE04EC0-301F-11D3-BF4B-00C04F79EFBC}") = "MSSurfing.WebApi.NetCore", "Samples\Web\MSSurfing.WebApi.NetCore\MSSurfing.WebApi.NetCore.csproj", "{F588C38B-34C9-4296-B5F1-6B380D3ACC81}"
EndProject
Global
	GlobalSection(SolutionConfigurationPlatforms) = preSolution
		Debug|Any CPU = Debug|Any CPU
		Release|Any CPU = Release|Any CPU
	EndGlobalSection
	GlobalSection(ProjectConfigurationPlatforms) = postSolution
		{E5400C97-7A64-4F8D-9CA7-D5C6A2F388B9}.Debug|Any CPU.ActiveCfg = Debug|Any CPU
		{E5400C97-7A64-4F8D-9CA7-D5C6A2F388B9}.Debug|Any CPU.Build.0 = Debug|Any CPU
		{E5400C97-7A64-4F8D-9CA7-D5C6A2F388B9}.Release|Any CPU.ActiveCfg = Release|Any CPU
		{E5400C97-7A64-4F8D-9CA7-D5C6A2F388B9}.Release|Any CPU.Build.0 = Release|Any CPU
		{4D450756-4DFE-4014-A006-48F2F505247C}.Debug|Any CPU.ActiveCfg = Debug|Any CPU
		{4D450756-4DFE-4014-A006-48F2F505247C}.Debug|Any CPU.Build.0 = Debug|Any CPU
		{4D450756-4DFE-4014-A006-48F2F505247C}.Release|Any CPU.ActiveCfg = Release|Any CPU
		{4D450756-4DFE-4014-A006-48F2F505247C}.Release|Any CPU.Build.0 = Release|Any CPU
		{90694D00-5C61-457A-8985-734D75897662}.Debug|Any CPU.ActiveCfg = Debug|Any CPU
		{90694D00-5C61-457A-8985-734D75897662}.Debug|Any CPU.Build.0 = Debug|Any CPU
		{90694D00-5C61-457A-8985-734D75897662}.Release|Any CPU.ActiveCfg = Release|Any CPU
		{90694D00-5C61-457A-8985-734D75897662}.Release|Any CPU.Build.0 = Release|Any CPU
		{1D5B5839-061B-46E5-B918-816A2143E54F}.Debug|Any CPU.ActiveCfg = Debug|Any CPU
		{1D5B5839-061B-46E5-B918-816A2143E54F}.Debug|Any CPU.Build.0 = Debug|Any CPU
		{1D5B5839-061B-46E5-B918-816A2143E54F}.Release|Any CPU.ActiveCfg = Release|Any CPU
		{1D5B5839-061B-46E5-B918-816A2143E54F}.Release|Any CPU.Build.0 = Release|Any CPU
		{54D817B2-C9CE-4205-96B7-5D6F3265F690}.Debug|Any CPU.ActiveCfg = Debug|Any CPU
		{54D817B2-C9CE-4205-96B7-5D6F3265F690}.Debug|Any CPU.Build.0 = Debug|Any CPU
		{54D817B2-C9CE-4205-96B7-5D6F3265F690}.Release|Any CPU.ActiveCfg = Release|Any CPU
		{54D817B2-C9CE-4205-96B7-5D6F3265F690}.Release|Any CPU.Build.0 = Release|Any CPU
		{60E88F47-359F-4515-B0B5-F28973443A7F}.Debug|Any CPU.ActiveCfg = Debug|Any CPU
		{60E88F47-359F-4515-B0B5-F28973443A7F}.Debug|Any CPU.Build.0 = Debug|Any CPU
		{60E88F47-359F-4515-B0B5-F28973443A7F}.Release|Any CPU.ActiveCfg = Release|Any CPU
		{60E88F47-359F-4515-B0B5-F28973443A7F}.Release|Any CPU.Build.0 = Release|Any CPU
		{EEBA28DA-547A-457B-B584-A10C46ED938A}.Debug|Any CPU.ActiveCfg = Debug|Any CPU
		{EEBA28DA-547A-457B-B584-A10C46ED938A}.Debug|Any CPU.Build.0 = Debug|Any CPU
		{EEBA28DA-547A-457B-B584-A10C46ED938A}.Release|Any CPU.ActiveCfg = Release|Any CPU
		{EEBA28DA-547A-457B-B584-A10C46ED938A}.Release|Any CPU.Build.0 = Release|Any CPU
		{28FF11D8-F8BB-4AE9-9E23-3D3B6F5A9242}.Debug|Any CPU.ActiveCfg = Debug|Any CPU
		{28FF11D8-F8BB-4AE9-9E23-3D3B6F5A9242}.Debug|Any CPU.Build.0 = Debug|Any CPU
		{28FF11D8-F8BB-4AE9-9E23-3D3B6F5A9242}.Release|Any CPU.ActiveCfg = Release|Any CPU
		{28FF11D8-F8BB-4AE9-9E23-3D3B6F5A9242}.Release|Any CPU.Build.0 = Release|Any CPU
		{EEB41FDA-B7FB-4D22-AA62-167D5143E2FD}.Debug|Any CPU.ActiveCfg = Debug|Any CPU
		{EEB41FDA-B7FB-4D22-AA62-167D5143E2FD}.Debug|Any CPU.Build.0 = Debug|Any CPU
		{EEB41FDA-B7FB-4D22-AA62-167D5143E2FD}.Release|Any CPU.ActiveCfg = Release|Any CPU
		{EEB41FDA-B7FB-4D22-AA62-167D5143E2FD}.Release|Any CPU.Build.0 = Release|Any CPU
		{E86CD760-7E8F-4055-8A58-3417556AA117}.Debug|Any CPU.ActiveCfg = Debug|Any CPU
		{E86CD760-7E8F-4055-8A58-3417556AA117}.Debug|Any CPU.Build.0 = Debug|Any CPU
		{E86CD760-7E8F-4055-8A58-3417556AA117}.Release|Any CPU.ActiveCfg = Release|Any CPU
		{E86CD760-7E8F-4055-8A58-3417556AA117}.Release|Any CPU.Build.0 = Release|Any CPU
		{F588C38B-34C9-4296-B5F1-6B380D3ACC81}.Debug|Any CPU.ActiveCfg = Debug|Any CPU
		{F588C38B-34C9-4296-B5F1-6B380D3ACC81}.Debug|Any CPU.Build.0 = Debug|Any CPU
		{F588C38B-34C9-4296-B5F1-6B380D3ACC81}.Release|Any CPU.ActiveCfg = Release|Any CPU
		{F588C38B-34C9-4296-B5F1-6B380D3ACC81}.Release|Any CPU.Build.0 = Release|Any CPU
	EndGlobalSection
	GlobalSection(SolutionProperties) = preSolution
		HideSolutionNode = FALSE
	EndGlobalSection
	GlobalSection(NestedProjects) = preSolution
		{53D3F5A2-0479-465E-9EEE-B22165D394FC} = {8304C5C4-5718-437F-A27B-C6E1E2ABCAAB}
		{E5400C97-7A64-4F8D-9CA7-D5C6A2F388B9} = {53D3F5A2-0479-465E-9EEE-B22165D394FC}
		{97908C34-F512-4308-83DD-56DEEB7D7E77} = {C7FAC52E-A297-41DF-8F11-4374AF75244F}
		{4D450756-4DFE-4014-A006-48F2F505247C} = {97908C34-F512-4308-83DD-56DEEB7D7E77}
		{90694D00-5C61-457A-8985-734D75897662} = {97908C34-F512-4308-83DD-56DEEB7D7E77}
		{F027378A-50C8-4B2D-B197-0D534DC4B7C5} = {C7FAC52E-A297-41DF-8F11-4374AF75244F}
		{4FCAD869-5490-41B2-83B7-CE214F489849} = {C7FAC52E-A297-41DF-8F11-4374AF75244F}
		{1D5B5839-061B-46E5-B918-816A2143E54F} = {4FCAD869-5490-41B2-83B7-CE214F489849}
		{54D817B2-C9CE-4205-96B7-5D6F3265F690} = {F027378A-50C8-4B2D-B197-0D534DC4B7C5}
		{63385F34-F7C2-4EE3-B75F-51433EB2F953} = {8304C5C4-5718-437F-A27B-C6E1E2ABCAAB}
		{60E88F47-359F-4515-B0B5-F28973443A7F} = {63385F34-F7C2-4EE3-B75F-51433EB2F953}
		{EEBA28DA-547A-457B-B584-A10C46ED938A} = {4FCAD869-5490-41B2-83B7-CE214F489849}
		{28FF11D8-F8BB-4AE9-9E23-3D3B6F5A9242} = {4FCAD869-5490-41B2-83B7-CE214F489849}
		{EEB41FDA-B7FB-4D22-AA62-167D5143E2FD} = {97908C34-F512-4308-83DD-56DEEB7D7E77}
		{E86CD760-7E8F-4055-8A58-3417556AA117} = {97908C34-F512-4308-83DD-56DEEB7D7E77}
		{F588C38B-34C9-4296-B5F1-6B380D3ACC81} = {F027378A-50C8-4B2D-B197-0D534DC4B7C5}
	EndGlobalSection
	GlobalSection(ExtensibilityGlobals) = postSolution
		SolutionGuid = {41020523-9597-465F-9110-3788E7538B5F}
	EndGlobalSection
EndGlobal
